
Microsoft Visual Studio Solution File, Format Version 12.00
Project("{FAE04EC0-301F-11D3-BF4B-00C04F79EFBC}") = "EscapeRoom", "EscapeRoom\EscapeRoom.csproj", "{2CC98A9E-670F-4262-85C0-1C0346B3752C}"
EndProject
Global
	GlobalSection(SolutionConfigurationPlatforms) = preSolution
		Debug|Any CPU = Debug|Any CPU
		Release|Any CPU = Release|Any CPU
	EndGlobalSection
	GlobalSection(ProjectConfigurationPlatforms) = postSolution
		{2CC98A9E-670F-4262-85C0-1C0346B3752C}.Debug|Any CPU.ActiveCfg = Debug|Any CPU
		{2CC98A9E-670F-4262-85C0-1C0346B3752C}.Debug|Any CPU.Build.0 = Debug|Any CPU
		{2CC98A9E-670F-4262-85C0-1C0346B3752C}.Release|Any CPU.ActiveCfg = Release|Any CPU
		{2CC98A9E-670F-4262-85C0-1C0346B3752C}.Release|Any CPU.Build.0 = Release|Any CPU
	EndGlobalSection
EndGlobal
